// !$*UTF8*$!
{
	archiveVersion = 1;
	classes = {
	};
	objectVersion = 50;
	objects = {

/* Begin PBXBuildFile section */
		445C1E82237BFBF8008F733A /* ImageView.swift in Sources */ = {isa = PBXBuildFile; fileRef = 445C1E81237BFBF8008F733A /* ImageView.swift */; };
		445C1E92237DFBD8008F733A /* ImageLoader.swift in Sources */ = {isa = PBXBuildFile; fileRef = 445C1E91237DFBD8008F733A /* ImageLoader.swift */; };
		44742285235C77F2005A7113 /* AppDelegate.swift in Sources */ = {isa = PBXBuildFile; fileRef = 44742284235C77F2005A7113 /* AppDelegate.swift */; };
		44742287235C77F2005A7113 /* SceneDelegate.swift in Sources */ = {isa = PBXBuildFile; fileRef = 44742286235C77F2005A7113 /* SceneDelegate.swift */; };
		4474228A235C77F2005A7113 /* MovieForToday.xcdatamodeld in Sources */ = {isa = PBXBuildFile; fileRef = 44742288235C77F2005A7113 /* MovieForToday.xcdatamodeld */; };
		4474228C235C77F2005A7113 /* MainView.swift in Sources */ = {isa = PBXBuildFile; fileRef = 4474228B235C77F2005A7113 /* MainView.swift */; };
		4474228E235C77F6005A7113 /* Assets.xcassets in Resources */ = {isa = PBXBuildFile; fileRef = 4474228D235C77F6005A7113 /* Assets.xcassets */; };
		44742291235C77F6005A7113 /* Preview Assets.xcassets in Resources */ = {isa = PBXBuildFile; fileRef = 44742290235C77F6005A7113 /* Preview Assets.xcassets */; };
		44742294235C77F6005A7113 /* LaunchScreen.storyboard in Resources */ = {isa = PBXBuildFile; fileRef = 44742292235C77F6005A7113 /* LaunchScreen.storyboard */; };
		447422A1235CCD00005A7113 /* SegmentPickerView.swift in Sources */ = {isa = PBXBuildFile; fileRef = 447422A0235CCD00005A7113 /* SegmentPickerView.swift */; };
		4494BC432376C2C0000F1604 /* Movie.swift in Sources */ = {isa = PBXBuildFile; fileRef = 4494BC422376C2C0000F1604 /* Movie.swift */; };
		44ABF04A236C28F200B9505E /* NetworkManager.swift in Sources */ = {isa = PBXBuildFile; fileRef = 44ABF049236C28F200B9505E /* NetworkManager.swift */; };
/* End PBXBuildFile section */

/* Begin PBXFileReference section */
		445C1E81237BFBF8008F733A /* ImageView.swift */ = {isa = PBXFileReference; lastKnownFileType = sourcecode.swift; path = ImageView.swift; sourceTree = "<group>"; };
		445C1E91237DFBD8008F733A /* ImageLoader.swift */ = {isa = PBXFileReference; lastKnownFileType = sourcecode.swift; path = ImageLoader.swift; sourceTree = "<group>"; };
		44742281235C77F2005A7113 /* MovieForToday.app */ = {isa = PBXFileReference; explicitFileType = wrapper.application; includeInIndex = 0; path = MovieForToday.app; sourceTree = BUILT_PRODUCTS_DIR; };
		44742284235C77F2005A7113 /* AppDelegate.swift */ = {isa = PBXFileReference; lastKnownFileType = sourcecode.swift; path = AppDelegate.swift; sourceTree = "<group>"; };
		44742286235C77F2005A7113 /* SceneDelegate.swift */ = {isa = PBXFileReference; lastKnownFileType = sourcecode.swift; path = SceneDelegate.swift; sourceTree = "<group>"; };
		44742289235C77F2005A7113 /* MovieForToday.xcdatamodel */ = {isa = PBXFileReference; lastKnownFileType = wrapper.xcdatamodel; path = MovieForToday.xcdatamodel; sourceTree = "<group>"; };
		4474228B235C77F2005A7113 /* MainView.swift */ = {isa = PBXFileReference; lastKnownFileType = sourcecode.swift; path = MainView.swift; sourceTree = "<group>"; };
		4474228D235C77F6005A7113 /* Assets.xcassets */ = {isa = PBXFileReference; lastKnownFileType = folder.assetcatalog; path = Assets.xcassets; sourceTree = "<group>"; };
		44742290235C77F6005A7113 /* Preview Assets.xcassets */ = {isa = PBXFileReference; lastKnownFileType = folder.assetcatalog; path = "Preview Assets.xcassets"; sourceTree = "<group>"; };
		44742293235C77F6005A7113 /* Base */ = {isa = PBXFileReference; lastKnownFileType = file.storyboard; name = Base; path = Base.lproj/LaunchScreen.storyboard; sourceTree = "<group>"; };
		44742295235C77F6005A7113 /* Info.plist */ = {isa = PBXFileReference; lastKnownFileType = text.plist.xml; path = Info.plist; sourceTree = "<group>"; };
		447422A0235CCD00005A7113 /* SegmentPickerView.swift */ = {isa = PBXFileReference; lastKnownFileType = sourcecode.swift; path = SegmentPickerView.swift; sourceTree = "<group>"; };
		4494BC422376C2C0000F1604 /* Movie.swift */ = {isa = PBXFileReference; lastKnownFileType = sourcecode.swift; path = Movie.swift; sourceTree = "<group>"; };
		44ABF049236C28F200B9505E /* NetworkManager.swift */ = {isa = PBXFileReference; lastKnownFileType = sourcecode.swift; path = NetworkManager.swift; sourceTree = "<group>"; };
/* End PBXFileReference section */

/* Begin PBXFrameworksBuildPhase section */
		4474227E235C77F2005A7113 /* Frameworks */ = {
			isa = PBXFrameworksBuildPhase;
			buildActionMask = 2147483647;
			files = (
			);
			runOnlyForDeploymentPostprocessing = 0;
		};
/* End PBXFrameworksBuildPhase section */

/* Begin PBXGroup section */
		44742278235C77F2005A7113 = {
			isa = PBXGroup;
			children = (
				44742283235C77F2005A7113 /* MovieForToday */,
				44742282235C77F2005A7113 /* Products */,
			);
			sourceTree = "<group>";
		};
		44742282235C77F2005A7113 /* Products */ = {
			isa = PBXGroup;
			children = (
				44742281235C77F2005A7113 /* MovieForToday.app */,
			);
			name = Products;
			sourceTree = "<group>";
		};
		44742283235C77F2005A7113 /* MovieForToday */ = {
			isa = PBXGroup;
			children = (
				44742284235C77F2005A7113 /* AppDelegate.swift */,
				44742286235C77F2005A7113 /* SceneDelegate.swift */,
				44ABF049236C28F200B9505E /* NetworkManager.swift */,
				4494BC422376C2C0000F1604 /* Movie.swift */,
				4474229F235CB0D5005A7113 /* Views */,
				4474228D235C77F6005A7113 /* Assets.xcassets */,
				44742292235C77F6005A7113 /* LaunchScreen.storyboard */,
				44742295235C77F6005A7113 /* Info.plist */,
				44742288235C77F2005A7113 /* MovieForToday.xcdatamodeld */,
				4474228F235C77F6005A7113 /* Preview Content */,
				445C1E91237DFBD8008F733A /* ImageLoader.swift */,
			);
			path = MovieForToday;
			sourceTree = "<group>";
		};
		4474228F235C77F6005A7113 /* Preview Content */ = {
			isa = PBXGroup;
			children = (
				44742290235C77F6005A7113 /* Preview Assets.xcassets */,
			);
			path = "Preview Content";
			sourceTree = "<group>";
		};
		4474229F235CB0D5005A7113 /* Views */ = {
			isa = PBXGroup;
			children = (
				4474228B235C77F2005A7113 /* MainView.swift */,
				447422A0235CCD00005A7113 /* SegmentPickerView.swift */,
				445C1E81237BFBF8008F733A /* ImageView.swift */,
			);
			path = Views;
			sourceTree = "<group>";
		};
/* End PBXGroup section */

/* Begin PBXNativeTarget section */
		44742280235C77F2005A7113 /* MovieForToday */ = {
			isa = PBXNativeTarget;
			buildConfigurationList = 44742298235C77F6005A7113 /* Build configuration list for PBXNativeTarget "MovieForToday" */;
			buildPhases = (
				4474227D235C77F2005A7113 /* Sources */,
				4474227E235C77F2005A7113 /* Frameworks */,
				4474227F235C77F2005A7113 /* Resources */,
			);
			buildRules = (
			);
			dependencies = (
			);
			name = MovieForToday;
			productName = MovieForToday;
			productReference = 44742281235C77F2005A7113 /* MovieForToday.app */;
			productType = "com.apple.product-type.application";
		};
/* End PBXNativeTarget section */

/* Begin PBXProject section */
		44742279235C77F2005A7113 /* Project object */ = {
			isa = PBXProject;
			attributes = {
				LastSwiftUpdateCheck = 1110;
				LastUpgradeCheck = 1110;
				ORGANIZATIONNAME = "Руслан Кукса";
				TargetAttributes = {
					44742280235C77F2005A7113 = {
						CreatedOnToolsVersion = 11.1;
					};
				};
			};
			buildConfigurationList = 4474227C235C77F2005A7113 /* Build configuration list for PBXProject "MovieForToday" */;
			compatibilityVersion = "Xcode 9.3";
			developmentRegion = en;
			hasScannedForEncodings = 0;
			knownRegions = (
				en,
				Base,
			);
			mainGroup = 44742278235C77F2005A7113;
			productRefGroup = 44742282235C77F2005A7113 /* Products */;
			projectDirPath = "";
			projectRoot = "";
			targets = (
				44742280235C77F2005A7113 /* MovieForToday */,
			);
		};
/* End PBXProject section */

/* Begin PBXResourcesBuildPhase section */
		4474227F235C77F2005A7113 /* Resources */ = {
			isa = PBXResourcesBuildPhase;
			buildActionMask = 2147483647;
			files = (
				44742294235C77F6005A7113 /* LaunchScreen.storyboard in Resources */,
				44742291235C77F6005A7113 /* Preview Assets.xcassets in Resources */,
				4474228E235C77F6005A7113 /* Assets.xcassets in Resources */,
			);
			runOnlyForDeploymentPostprocessing = 0;
		};
/* End PBXResourcesBuildPhase section */

/* Begin PBXSourcesBuildPhase section */
		4474227D235C77F2005A7113 /* Sources */ = {
			isa = PBXSourcesBuildPhase;
			buildActionMask = 2147483647;
			files = (
				445C1E82237BFBF8008F733A /* ImageView.swift in Sources */,
				4494BC432376C2C0000F1604 /* Movie.swift in Sources */,
				447422A1235CCD00005A7113 /* SegmentPickerView.swift in Sources */,
				44742285235C77F2005A7113 /* AppDelegate.swift in Sources */,
				44ABF04A236C28F200B9505E /* NetworkManager.swift in Sources */,
				445C1E92237DFBD8008F733A /* ImageLoader.swift in Sources */,
				44742287235C77F2005A7113 /* SceneDelegate.swift in Sources */,
				4474228C235C77F2005A7113 /* MainView.swift in Sources */,
				4474228A235C77F2005A7113 /* MovieForToday.xcdatamodeld in Sources */,
			);
			runOnlyForDeploymentPostprocessing = 0;
		};
/* End PBXSourcesBuildPhase section */

/* Begin PBXVariantGroup section */
		44742292235C77F6005A7113 /* LaunchScreen.storyboard */ = {
			isa = PBXVariantGroup;
			children = (
				44742293235C77F6005A7113 /* Base */,
			);
			name = LaunchScreen.storyboard;
			sourceTree = "<group>";
		};
/* End PBXVariantGroup section */

/* Begin XCBuildConfiguration section */
		44742296235C77F6005A7113 /* Debug */ = {
			isa = XCBuildConfiguration;
			buildSettings = {
				ALWAYS_SEARCH_USER_PATHS = NO;
				CLANG_ANALYZER_NONNULL = YES;
				CLANG_ANALYZER_NUMBER_OBJECT_CONVERSION = YES_AGGRESSIVE;
				CLANG_CXX_LANGUAGE_STANDARD = "gnu++14";
				CLANG_CXX_LIBRARY = "libc++";
				CLANG_ENABLE_MODULES = YES;
				CLANG_ENABLE_OBJC_ARC = YES;
				CLANG_ENABLE_OBJC_WEAK = YES;
				CLANG_WARN_BLOCK_CAPTURE_AUTORELEASING = YES;
				CLANG_WARN_BOOL_CONVERSION = YES;
				CLANG_WARN_COMMA = YES;
				CLANG_WARN_CONSTANT_CONVERSION = YES;
				CLANG_WARN_DEPRECATED_OBJC_IMPLEMENTATIONS = YES;
				CLANG_WARN_DIRECT_OBJC_ISA_USAGE = YES_ERROR;
				CLANG_WARN_DOCUMENTATION_COMMENTS = YES;
				CLANG_WARN_EMPTY_BODY = YES;
				CLANG_WARN_ENUM_CONVERSION = YES;
				CLANG_WARN_INFINITE_RECURSION = YES;
				CLANG_WARN_INT_CONVERSION = YES;
				CLANG_WARN_NON_LITERAL_NULL_CONVERSION = YES;
				CLANG_WARN_OBJC_IMPLICIT_RETAIN_SELF = YES;
				CLANG_WARN_OBJC_LITERAL_CONVERSION = YES;
				CLANG_WARN_OBJC_ROOT_CLASS = YES_ERROR;
				CLANG_WARN_RANGE_LOOP_ANALYSIS = YES;
				CLANG_WARN_STRICT_PROTOTYPES = YES;
				CLANG_WARN_SUSPICIOUS_MOVE = YES;
				CLANG_WARN_UNGUARDED_AVAILABILITY = YES_AGGRESSIVE;
				CLANG_WARN_UNREACHABLE_CODE = YES;
				CLANG_WARN__DUPLICATE_METHOD_MATCH = YES;
				COPY_PHASE_STRIP = NO;
				DEBUG_INFORMATION_FORMAT = dwarf;
				ENABLE_STRICT_OBJC_MSGSEND = YES;
				ENABLE_TESTABILITY = YES;
				GCC_C_LANGUAGE_STANDARD = gnu11;
				GCC_DYNAMIC_NO_PIC = NO;
				GCC_NO_COMMON_BLOCKS = YES;
				GCC_OPTIMIZATION_LEVEL = 0;
				GCC_PREPROCESSOR_DEFINITIONS = (
					"DEBUG=1",
					"$(inherited)",
				);
				GCC_WARN_64_TO_32_BIT_CONVERSION = YES;
				GCC_WARN_ABOUT_RETURN_TYPE = YES_ERROR;
				GCC_WARN_UNDECLARED_SELECTOR = YES;
				GCC_WARN_UNINITIALIZED_AUTOS = YES_AGGRESSIVE;
				GCC_WARN_UNUSED_FUNCTION = YES;
				GCC_WARN_UNUSED_VARIABLE = YES;
				IPHONEOS_DEPLOYMENT_TARGET = 13.1;
				MTL_ENABLE_DEBUG_INFO = INCLUDE_SOURCE;
				MTL_FAST_MATH = YES;
				ONLY_ACTIVE_ARCH = YES;
				SDKROOT = iphoneos;
				SWIFT_ACTIVE_COMPILATION_CONDITIONS = DEBUG;
				SWIFT_OPTIMIZATION_LEVEL = "-Onone";
			};
			name = Debug;
		};
		44742297235C77F6005A7113 /* Release */ = {
			isa = XCBuildConfiguration;
			buildSettings = {
				ALWAYS_SEARCH_USER_PATHS = NO;
				CLANG_ANALYZER_NONNULL = YES;
				CLANG_ANALYZER_NUMBER_OBJECT_CONVERSION = YES_AGGRESSIVE;
				CLANG_CXX_LANGUAGE_STANDARD = "gnu++14";
				CLANG_CXX_LIBRARY = "libc++";
				CLANG_ENABLE_MODULES = YES;
				CLANG_ENABLE_OBJC_ARC = YES;
				CLANG_ENABLE_OBJC_WEAK = YES;
				CLANG_WARN_BLOCK_CAPTURE_AUTORELEASING = YES;
				CLANG_WARN_BOOL_CONVERSION = YES;
				CLANG_WARN_COMMA = YES;
				CLANG_WARN_CONSTANT_CONVERSION = YES;
				CLANG_WARN_DEPRECATED_OBJC_IMPLEMENTATIONS = YES;
				CLANG_WARN_DIRECT_OBJC_ISA_USAGE = YES_ERROR;
				CLANG_WARN_DOCUMENTATION_COMMENTS = YES;
				CLANG_WARN_EMPTY_BODY = YES;
				CLANG_WARN_ENUM_CONVERSION = YES;
				CLANG_WARN_INFINITE_RECURSION = YES;
				CLANG_WARN_INT_CONVERSION = YES;
				CLANG_WARN_NON_LITERAL_NULL_CONVERSION = YES;
				CLANG_WARN_OBJC_IMPLICIT_RETAIN_SELF = YES;
				CLANG_WARN_OBJC_LITERAL_CONVERSION = YES;
				CLANG_WARN_OBJC_ROOT_CLASS = YES_ERROR;
				CLANG_WARN_RANGE_LOOP_ANALYSIS = YES;
				CLANG_WARN_STRICT_PROTOTYPES = YES;
				CLANG_WARN_SUSPICIOUS_MOVE = YES;
				CLANG_WARN_UNGUARDED_AVAILABILITY = YES_AGGRESSIVE;
				CLANG_WARN_UNREACHABLE_CODE = YES;
				CLANG_WARN__DUPLICATE_METHOD_MATCH = YES;
				COPY_PHASE_STRIP = NO;
				DEBUG_INFORMATION_FORMAT = "dwarf-with-dsym";
				ENABLE_NS_ASSERTIONS = NO;
				ENABLE_STRICT_OBJC_MSGSEND = YES;
				GCC_C_LANGUAGE_STANDARD = gnu11;
				GCC_NO_COMMON_BLOCKS = YES;
				GCC_WARN_64_TO_32_BIT_CONVERSION = YES;
				GCC_WARN_ABOUT_RETURN_TYPE = YES_ERROR;
				GCC_WARN_UNDECLARED_SELECTOR = YES;
				GCC_WARN_UNINITIALIZED_AUTOS = YES_AGGRESSIVE;
				GCC_WARN_UNUSED_FUNCTION = YES;
				GCC_WARN_UNUSED_VARIABLE = YES;
				IPHONEOS_DEPLOYMENT_TARGET = 13.1;
				MTL_ENABLE_DEBUG_INFO = NO;
				MTL_FAST_MATH = YES;
				SDKROOT = iphoneos;
				SWIFT_COMPILATION_MODE = wholemodule;
				SWIFT_OPTIMIZATION_LEVEL = "-O";
				VALIDATE_PRODUCT = YES;
			};
			name = Release;
		};
		44742299235C77F6005A7113 /* Debug */ = {
			isa = XCBuildConfiguration;
			buildSettings = {
				ASSETCATALOG_COMPILER_APPICON_NAME = AppIcon;
				CODE_SIGN_STYLE = Automatic;
				DEVELOPMENT_ASSET_PATHS = "\"MovieForToday/Preview Content\"";
				DEVELOPMENT_TEAM = Q8896Y6GNQ;
				ENABLE_PREVIEWS = YES;
				INFOPLIST_FILE = MovieForToday/Info.plist;
				LD_RUNPATH_SEARCH_PATHS = (
					"$(inherited)",
					"@executable_path/Frameworks",
				);
				PRODUCT_BUNDLE_IDENTIFIER = com.ruslankuksa.MovieForToday;
				PRODUCT_NAME = "$(TARGET_NAME)";
				SWIFT_VERSION = 5.0;
				TARGETED_DEVICE_FAMILY = "1,2";
			};
			name = Debug;
		};
		4474229A235C77F6005A7113 /* Release */ = {
			isa = XCBuildConfiguration;
			buildSettings = {
				ASSETCATALOG_COMPILER_APPICON_NAME = AppIcon;
				CODE_SIGN_STYLE = Automatic;
				DEVELOPMENT_ASSET_PATHS = "\"MovieForToday/Preview Content\"";
				DEVELOPMENT_TEAM = Q8896Y6GNQ;
				ENABLE_PREVIEWS = YES;
				INFOPLIST_FILE = MovieForToday/Info.plist;
				LD_RUNPATH_SEARCH_PATHS = (
					"$(inherited)",
					"@executable_path/Frameworks",
				);
				PRODUCT_BUNDLE_IDENTIFIER = com.ruslankuksa.MovieForToday;
				PRODUCT_NAME = "$(TARGET_NAME)";
				SWIFT_VERSION = 5.0;
				TARGETED_DEVICE_FAMILY = "1,2";
			};
			name = Release;
		};
/* End XCBuildConfiguration section */

/* Begin XCConfigurationList section */
		4474227C235C77F2005A7113 /* Build configuration list for PBXProject "MovieForToday" */ = {
			isa = XCConfigurationList;
			buildConfigurations = (
				44742296235C77F6005A7113 /* Debug */,
				44742297235C77F6005A7113 /* Release */,
			);
			defaultConfigurationIsVisible = 0;
			defaultConfigurationName = Release;
		};
		44742298235C77F6005A7113 /* Build configuration list for PBXNativeTarget "MovieForToday" */ = {
			isa = XCConfigurationList;
			buildConfigurations = (
				44742299235C77F6005A7113 /* Debug */,
				4474229A235C77F6005A7113 /* Release */,
			);
			defaultConfigurationIsVisible = 0;
			defaultConfigurationName = Release;
		};
/* End XCConfigurationList section */

/* Begin XCVersionGroup section */
		44742288235C77F2005A7113 /* MovieForToday.xcdatamodeld */ = {
			isa = XCVersionGroup;
			children = (
				44742289235C77F2005A7113 /* MovieForToday.xcdatamodel */,
			);
			currentVersion = 44742289235C77F2005A7113 /* MovieForToday.xcdatamodel */;
			path = MovieForToday.xcdatamodeld;
			sourceTree = "<group>";
			versionGroupType = wrapper.xcdatamodel;
		};
/* End XCVersionGroup section */
	};
	rootObject = 44742279235C77F2005A7113 /* Project object */;
}
